<?xml version="1.0" encoding="utf-8"?>
<Project ToolsVersion="4.0" xmlns="http://schemas.microsoft.com/developer/msbuild/2003">
  <ItemGroup>
    <Filter Include="Исходные файлы">
      <UniqueIdentifier>{4FC737F1-C7A5-4376-A066-2A32D752A2FF}</UniqueIdentifier>
      <Extensions>cpp;c;cc;cxx;def;odl;idl;hpj;bat;asm;asmx</Extensions>
    </Filter>
    <Filter Include="Файлы заголовков">
      <UniqueIdentifier>{93995380-89BD-4b04-88EB-625FBE52EBFB}</UniqueIdentifier>
      <Extensions>h;hh;hpp;hxx;hm;inl;inc;xsd</Extensions>
    </Filter>
    <Filter Include="Файлы ресурсов">
      <UniqueIdentifier>{67DA6AB6-F800-4c08-8B7A-83BB121AAD01}</UniqueIdentifier>
      <Extensions>rc;ico;cur;bmp;dlg;rc2;rct;bin;rgs;gif;jpg;jpeg;jpe;resx;tiff;tif;png;wav;mfcribbon-ms</Extensions>
    </Filter>
  </ItemGroup>
  <ItemGroup>
    <ClCompile Include="main.cpp">
      <Filter>Исходные файлы</Filter>
    </ClCompile>
    <ClCompile Include="map_t.cpp">
      <Filter>Исходные файлы</Filter>
    </ClCompile>
    <ClCompile Include="character_t.cpp">
      <Filter>Исходные файлы</Filter>
    </ClCompile>
    <ClCompile Include="physOb_t.cpp">
      <Filter>Исходные файлы</Filter>
    </ClCompile>
    <ClCompile Include="player_t.cpp">
      <Filter>Исходные файлы</Filter>
    </ClCompile>
    <ClCompile Include="obPreference.cpp">
      <Filter>Исходные файлы</Filter>
    </ClCompile>
    <ClCompile Include="ground_t.cpp">
      <Filter>Исходные файлы</Filter>
    </ClCompile>
    <ClCompile Include="bullet_t.cpp">
      <Filter>Исходные файлы</Filter>
    </ClCompile>
    <ClCompile Include="cursor_t.cpp">
      <Filter>Исходные файлы</Filter>
    </ClCompile>
    <ClCompile Include="characterTimers_t.cpp">
      <Filter>Исходные файлы</Filter>
    </ClCompile>
    <ClCompile Include="Npc_t.cpp">
      <Filter>Исходные файлы</Filter>
    </ClCompile>
    <ClCompile Include="CharacterState_t.cpp">
      <Filter>Исходные файлы</Filter>
    </ClCompile>
    <ClCompile Include="skillObGenerator_t.cpp">
      <Filter>Исходные файлы</Filter>
    </ClCompile>
    <ClCompile Include="keyboardController.cpp">
      <Filter>Исходные файлы</Filter>
    </ClCompile>
    <ClCompile Include="Effect_t.cpp">
      <Filter>Исходные файлы</Filter>
    </ClCompile>
    <ClCompile Include="InterfaceContent.cpp">
      <Filter>Исходные файлы</Filter>
    </ClCompile>
    <ClCompile Include="InterfaceButton.cpp">
      <Filter>Исходные файлы</Filter>
    </ClCompile>
    <ClCompile Include="Level_t.cpp">
      <Filter>Исходные файлы</Filter>
    </ClCompile>
    <ClCompile Include="GameEngine_t.cpp">
      <Filter>Исходные файлы</Filter>
    </ClCompile>
    <ClCompile Include="InterfaceEngine_t.cpp">
      <Filter>Исходные файлы</Filter>
    </ClCompile>
    <ClCompile Include="InterfaceBar.cpp">
      <Filter>Исходные файлы</Filter>
    </ClCompile>
    <ClCompile Include="InterfaceWindow_t.cpp">
      <Filter>Исходные файлы</Filter>
    </ClCompile>
    <ClCompile Include="game_t.cpp">
      <Filter>Исходные файлы</Filter>
    </ClCompile>
    <ClCompile Include="mainMenu_t.cpp">
      <Filter>Исходные файлы</Filter>
    </ClCompile>
    <ClCompile Include="BossNpc_t.cpp">
      <Filter>Исходные файлы</Filter>
    </ClCompile>
    <ClCompile Include="mission_t.cpp">
      <Filter>Исходные файлы</Filter>
    </ClCompile>
    <ClCompile Include="mouseController.cpp">
      <Filter>Исходные файлы</Filter>
    </ClCompile>
  </ItemGroup>
  <ItemGroup>
    <ClInclude Include="map_t.h">
      <Filter>Файлы заголовков</Filter>
    </ClInclude>
    <ClInclude Include="characterStats_t.h">
      <Filter>Файлы заголовков</Filter>
    </ClInclude>
    <ClInclude Include="character_t.h">
      <Filter>Файлы заголовков</Filter>
    </ClInclude>
    <ClInclude Include="physOb_t.h">
      <Filter>Файлы заголовков</Filter>
    </ClInclude>
    <ClInclude Include="player_t.h">
      <Filter>Файлы заголовков</Filter>
    </ClInclude>
    <ClInclude Include="obPreference.h">
      <Filter>Файлы заголовков</Filter>
    </ClInclude>
    <ClInclude Include="ground_t.h">
      <Filter>Файлы заголовков</Filter>
    </ClInclude>
    <ClInclude Include="additional.h">
      <Filter>Файлы заголовков</Filter>
    </ClInclude>
    <ClInclude Include="bullet_t.h">
      <Filter>Файлы заголовков</Filter>
    </ClInclude>
    <ClInclude Include="cursor_t.h">
      <Filter>Файлы заголовков</Filter>
    </ClInclude>
    <ClInclude Include="characterTimers_t.h">
      <Filter>Файлы заголовков</Filter>
    </ClInclude>
    <ClInclude Include="Npc_t.h">
      <Filter>Файлы заголовков</Filter>
    </ClInclude>
    <ClInclude Include="CharacterState_t.h">
      <Filter>Файлы заголовков</Filter>
    </ClInclude>
    <ClInclude Include="skillObGenerator_t.h">
      <Filter>Файлы заголовков</Filter>
    </ClInclude>
    <ClInclude Include="keyboardController.h">
      <Filter>Файлы заголовков</Filter>
    </ClInclude>
    <ClInclude Include="Effect_t.h">
      <Filter>Файлы заголовков</Filter>
    </ClInclude>
    <ClInclude Include="InterfaceContent.h">
      <Filter>Файлы заголовков</Filter>
    </ClInclude>
    <ClInclude Include="InterfaceButton.h">
      <Filter>Файлы заголовков</Filter>
    </ClInclude>
    <ClInclude Include="Level_t.h">
      <Filter>Файлы заголовков</Filter>
    </ClInclude>
    <ClInclude Include="GameEngine_t.h">
      <Filter>Файлы заголовков</Filter>
    </ClInclude>
    <ClInclude Include="InterfaceEngine_t.h">
      <Filter>Файлы заголовков</Filter>
    </ClInclude>
    <ClInclude Include="InterfaceBar.h">
      <Filter>Файлы заголовков</Filter>
    </ClInclude>
    <ClInclude Include="InterfaceWindow_t.h">
      <Filter>Файлы заголовков</Filter>
    </ClInclude>
    <ClInclude Include="game_t.h">
      <Filter>Файлы заголовков</Filter>
    </ClInclude>
    <ClInclude Include="mainMenu_t.h">
      <Filter>Файлы заголовков</Filter>
    </ClInclude>
    <ClInclude Include="BossNpc_t.h">
      <Filter>Файлы заголовков</Filter>
    </ClInclude>
    <ClInclude Include="mission_t.h">
      <Filter>Файлы заголовков</Filter>
    </ClInclude>
    <ClInclude Include="mouseController.h">
      <Filter>Файлы заголовков</Filter>
    </ClInclude>
  </ItemGroup>
</Project>